
Microsoft Visual Studio Solution File, Format Version 12.00
# Visual Studio Version 16
VisualStudioVersion = 16.0.30114.105
MinimumVisualStudioVersion = 10.0.40219.1
Project("{FAE04EC0-301F-11D3-BF4B-00C04F79EFBC}") = "Advertising", "Advertising\Advertising.csproj", "{BCC25CB6-3E1F-4937-A347-932FF74356CD}"
EndProject
Global
	GlobalSection(SolutionConfigurationPlatforms) = preSolution
		Debug|Any CPU = Debug|Any CPU
		Release|Any CPU = Release|Any CPU
	EndGlobalSection
	GlobalSection(ProjectConfigurationPlatforms) = postSolution
		{BCC25CB6-3E1F-4937-A347-932FF74356CD}.Debug|Any CPU.ActiveCfg = Debug|Any CPU
		{BCC25CB6-3E1F-4937-A347-932FF74356CD}.Debug|Any CPU.Build.0 = Debug|Any CPU
		{BCC25CB6-3E1F-4937-A347-932FF74356CD}.Release|Any CPU.ActiveCfg = Release|Any CPU
		{BCC25CB6-3E1F-4937-A347-932FF74356CD}.Release|Any CPU.Build.0 = Release|Any CPU
	EndGlobalSection
	GlobalSection(SolutionProperties) = preSolution
		HideSolutionNode = FALSE
	EndGlobalSection
	GlobalSection(ExtensibilityGlobals) = postSolution
		SolutionGuid = {77473F76-9226-44DB-A77D-5CCB7809F256}
	EndGlobalSection
EndGlobal
